
Microsoft Visual Studio Solution File, Format Version 12.00
# Visual Studio 15
VisualStudioVersion = 15.0.26730.16
MinimumVisualStudioVersion = 10.0.40219.1
Project("{FAE04EC0-301F-11D3-BF4B-00C04F79EFBC}") = "NTT", "NTT\NTT.csproj", "{B8B42874-7B08-4598-A9E5-AB45D7142B04}"
EndProject
Global
	GlobalSection(SolutionConfigurationPlatforms) = preSolution
		Debug|Any CPU = Debug|Any CPU
		Release|Any CPU = Release|Any CPU
	EndGlobalSection
	GlobalSection(ProjectConfigurationPlatforms) = postSolution
		{B8B42874-7B08-4598-A9E5-AB45D7142B04}.Debug|Any CPU.ActiveCfg = Debug|Any CPU
		{B8B42874-7B08-4598-A9E5-AB45D7142B04}.Debug|Any CPU.Build.0 = Debug|Any CPU
		{B8B42874-7B08-4598-A9E5-AB45D7142B04}.Release|Any CPU.ActiveCfg = Release|Any CPU
		{B8B42874-7B08-4598-A9E5-AB45D7142B04}.Release|Any CPU.Build.0 = Release|Any CPU
	EndGlobalSection
	GlobalSection(SolutionProperties) = preSolution
		HideSolutionNode = FALSE
	EndGlobalSection
	GlobalSection(ExtensibilityGlobals) = postSolution
		SolutionGuid = {0B4743B0-CC93-4DA4-B8B9-DB4D7A87C8E9}
	EndGlobalSection
EndGlobal
